
Microsoft Visual Studio Solution File, Format Version 12.00
# Visual Studio Version 17
VisualStudioVersion = 17.9.34728.123
MinimumVisualStudioVersion = 10.0.40219.1
Project("{FAE04EC0-301F-11D3-BF4B-00C04F79EFBC}") = "GenerateUnitTestsWithAi.API", "GenerateUnitTestsWithAi.API.csproj", "{44E65E1A-8DD1-4701-88C4-C9C9D14EE080}"
EndProject
Global
	GlobalSection(SolutionConfigurationPlatforms) = preSolution
		Debug|Any CPU = Debug|Any CPU
		Release|Any CPU = Release|Any CPU
	EndGlobalSection
	GlobalSection(ProjectConfigurationPlatforms) = postSolution
		{44E65E1A-8DD1-4701-88C4-C9C9D14EE080}.Debug|Any CPU.ActiveCfg = Debug|Any CPU
		{44E65E1A-8DD1-4701-88C4-C9C9D14EE080}.Debug|Any CPU.Build.0 = Debug|Any CPU
		{44E65E1A-8DD1-4701-88C4-C9C9D14EE080}.Release|Any CPU.ActiveCfg = Release|Any CPU
		{44E65E1A-8DD1-4701-88C4-C9C9D14EE080}.Release|Any CPU.Build.0 = Release|Any CPU
	EndGlobalSection
	GlobalSection(SolutionProperties) = preSolution
		HideSolutionNode = FALSE
	EndGlobalSection
	GlobalSection(ExtensibilityGlobals) = postSolution
		SolutionGuid = {13E023D2-E288-4FE2-A6DD-5276E8E854BB}
	EndGlobalSection
EndGlobal
